
Microsoft Visual Studio Solution File, Format Version 12.00
# Visual Studio 15
VisualStudioVersion = 15.0.28010.2048
MinimumVisualStudioVersion = 10.0.40219.1
Project("{FAE04EC0-301F-11D3-BF4B-00C04F79EFBC}") = "Local File Copier", "WindowsFormsApp2\Local File Copier.csproj", "{6F5E3DA6-8B11-4ABD-B0DC-14C92B2339A5}"
EndProject
Global
	GlobalSection(SolutionConfigurationPlatforms) = preSolution
		Debug|Any CPU = Debug|Any CPU
		Release|Any CPU = Release|Any CPU
	EndGlobalSection
	GlobalSection(ProjectConfigurationPlatforms) = postSolution
		{6F5E3DA6-8B11-4ABD-B0DC-14C92B2339A5}.Debug|Any CPU.ActiveCfg = Debug|Any CPU
		{6F5E3DA6-8B11-4ABD-B0DC-14C92B2339A5}.Debug|Any CPU.Build.0 = Debug|Any CPU
		{6F5E3DA6-8B11-4ABD-B0DC-14C92B2339A5}.Release|Any CPU.ActiveCfg = Release|Any CPU
		{6F5E3DA6-8B11-4ABD-B0DC-14C92B2339A5}.Release|Any CPU.Build.0 = Release|Any CPU
	EndGlobalSection
	GlobalSection(SolutionProperties) = preSolution
		HideSolutionNode = FALSE
	EndGlobalSection
	GlobalSection(ExtensibilityGlobals) = postSolution
		SolutionGuid = {BC36F6B0-1A9B-4FBC-8054-3A0A6634DEA2}
	EndGlobalSection
EndGlobal
